
Microsoft Visual Studio Solution File, Format Version 12.00
# Visual Studio Version 17
VisualStudioVersion = 17.8.34525.116
MinimumVisualStudioVersion = 10.0.40219.1
Project("{FAE04EC0-301F-11D3-BF4B-00C04F79EFBC}") = "BookStoreApp", "BookStoreApp.csproj", "{5AE56609-8762-4E21-882F-C24DF114D1EB}"
EndProject
Global
	GlobalSection(SolutionConfigurationPlatforms) = preSolution
		Debug|Any CPU = Debug|Any CPU
		Release|Any CPU = Release|Any CPU
	EndGlobalSection
	GlobalSection(ProjectConfigurationPlatforms) = postSolution
		{5AE56609-8762-4E21-882F-C24DF114D1EB}.Debug|Any CPU.ActiveCfg = Debug|Any CPU
		{5AE56609-8762-4E21-882F-C24DF114D1EB}.Debug|Any CPU.Build.0 = Debug|Any CPU
		{5AE56609-8762-4E21-882F-C24DF114D1EB}.Release|Any CPU.ActiveCfg = Release|Any CPU
		{5AE56609-8762-4E21-882F-C24DF114D1EB}.Release|Any CPU.Build.0 = Release|Any CPU
	EndGlobalSection
	GlobalSection(SolutionProperties) = preSolution
		HideSolutionNode = FALSE
	EndGlobalSection
	GlobalSection(ExtensibilityGlobals) = postSolution
		SolutionGuid = {4E844864-D10E-4334-94FF-8E9273AFD9E9}
	EndGlobalSection
EndGlobal
